// !$*UTF8*$!
{
	archiveVersion = 1;
	classes = {
	};
	objectVersion = 56;
	objects = {

/* Begin PBXBuildFile section */
		863AE9E42B74EDCA00FBEC14 /* Africa_ExperienceApp.swift in Sources */ = {isa = PBXBuildFile; fileRef = 863AE9E32B74EDCA00FBEC14 /* Africa_ExperienceApp.swift */; };
		863AE9E62B74EDCA00FBEC14 /* ContentView.swift in Sources */ = {isa = PBXBuildFile; fileRef = 863AE9E52B74EDCA00FBEC14 /* ContentView.swift */; };
		863AE9E82B74EDCB00FBEC14 /* Assets.xcassets in Resources */ = {isa = PBXBuildFile; fileRef = 863AE9E72B74EDCB00FBEC14 /* Assets.xcassets */; };
		863AE9EB2B74EDCB00FBEC14 /* Preview Assets.xcassets in Resources */ = {isa = PBXBuildFile; fileRef = 863AE9EA2B74EDCB00FBEC14 /* Preview Assets.xcassets */; };
		863AE9FC2B7549B600FBEC14 /* lion.mp4 in Resources */ = {isa = PBXBuildFile; fileRef = 863AE9F22B7549B500FBEC14 /* lion.mp4 */; };
		863AE9FD2B7549B600FBEC14 /* cheetah.mp4 in Resources */ = {isa = PBXBuildFile; fileRef = 863AE9F32B7549B500FBEC14 /* cheetah.mp4 */; };
		863AE9FE2B7549B600FBEC14 /* hippo.mp4 in Resources */ = {isa = PBXBuildFile; fileRef = 863AE9F42B7549B500FBEC14 /* hippo.mp4 */; };
		863AE9FF2B7549B600FBEC14 /* rhino.mp4 in Resources */ = {isa = PBXBuildFile; fileRef = 863AE9F52B7549B500FBEC14 /* rhino.mp4 */; };
		863AEA002B7549B600FBEC14 /* zebra.mp4 in Resources */ = {isa = PBXBuildFile; fileRef = 863AE9F62B7549B500FBEC14 /* zebra.mp4 */; };
		863AEA012B7549B600FBEC14 /* ostrich.mp4 in Resources */ = {isa = PBXBuildFile; fileRef = 863AE9F72B7549B600FBEC14 /* ostrich.mp4 */; };
		863AEA022B7549B600FBEC14 /* gorilla.mp4 in Resources */ = {isa = PBXBuildFile; fileRef = 863AE9F82B7549B600FBEC14 /* gorilla.mp4 */; };
		863AEA032B7549B600FBEC14 /* lioness.mp4 in Resources */ = {isa = PBXBuildFile; fileRef = 863AE9F92B7549B600FBEC14 /* lioness.mp4 */; };
		863AEA042B7549B600FBEC14 /* elephant.mp4 in Resources */ = {isa = PBXBuildFile; fileRef = 863AE9FA2B7549B600FBEC14 /* elephant.mp4 */; };
		863AEA052B7549B600FBEC14 /* giraffe.mp4 in Resources */ = {isa = PBXBuildFile; fileRef = 863AE9FB2B7549B600FBEC14 /* giraffe.mp4 */; };
		863AEA0B2B7549F500FBEC14 /* covers.json in Resources */ = {isa = PBXBuildFile; fileRef = 863AEA072B7549F400FBEC14 /* covers.json */; };
		863AEA0C2B7549F500FBEC14 /* videos.json in Resources */ = {isa = PBXBuildFile; fileRef = 863AEA082B7549F400FBEC14 /* videos.json */; };
		863AEA0D2B7549F500FBEC14 /* locations.json in Resources */ = {isa = PBXBuildFile; fileRef = 863AEA092B7549F500FBEC14 /* locations.json */; };
		863AEA0E2B7549F500FBEC14 /* animals.json in Resources */ = {isa = PBXBuildFile; fileRef = 863AEA0A2B7549F500FBEC14 /* animals.json */; };
		863AEA122B754D0100FBEC14 /* VideoListView.swift in Sources */ = {isa = PBXBuildFile; fileRef = 863AEA112B754D0100FBEC14 /* VideoListView.swift */; };
		863AEA142B754D1700FBEC14 /* MapView.swift in Sources */ = {isa = PBXBuildFile; fileRef = 863AEA132B754D1700FBEC14 /* MapView.swift */; };
		863AEA162B754D2800FBEC14 /* GalleryView.swift in Sources */ = {isa = PBXBuildFile; fileRef = 863AEA152B754D2800FBEC14 /* GalleryView.swift */; };
		863AEA182B754D3A00FBEC14 /* MainView.swift in Sources */ = {isa = PBXBuildFile; fileRef = 863AEA172B754D3A00FBEC14 /* MainView.swift */; };
		863AEA1B2B765B5A00FBEC14 /* CoverImageView.swift in Sources */ = {isa = PBXBuildFile; fileRef = 863AEA1A2B765B5A00FBEC14 /* CoverImageView.swift */; };
		863AEA1E2B76685A00FBEC14 /* CoverImageModel.swift in Sources */ = {isa = PBXBuildFile; fileRef = 863AEA1D2B76685A00FBEC14 /* CoverImageModel.swift */; };
		863AEA212B76756D00FBEC14 /* CodableBundleExtension.swift in Sources */ = {isa = PBXBuildFile; fileRef = 863AEA202B76756D00FBEC14 /* CodableBundleExtension.swift */; };
		863AEA232B77966600FBEC14 /* AnimalListItemView.swift in Sources */ = {isa = PBXBuildFile; fileRef = 863AEA222B77966600FBEC14 /* AnimalListItemView.swift */; };
		863AEA252B77989500FBEC14 /* AnimalModel.swift in Sources */ = {isa = PBXBuildFile; fileRef = 863AEA242B77989500FBEC14 /* AnimalModel.swift */; };
/* End PBXBuildFile section */

/* Begin PBXFileReference section */
		863AE9E02B74EDCA00FBEC14 /* Africa Experience.app */ = {isa = PBXFileReference; explicitFileType = wrapper.application; includeInIndex = 0; path = "Africa Experience.app"; sourceTree = BUILT_PRODUCTS_DIR; };
		863AE9E32B74EDCA00FBEC14 /* Africa_ExperienceApp.swift */ = {isa = PBXFileReference; lastKnownFileType = sourcecode.swift; path = Africa_ExperienceApp.swift; sourceTree = "<group>"; };
		863AE9E52B74EDCA00FBEC14 /* ContentView.swift */ = {isa = PBXFileReference; lastKnownFileType = sourcecode.swift; path = ContentView.swift; sourceTree = "<group>"; };
		863AE9E72B74EDCB00FBEC14 /* Assets.xcassets */ = {isa = PBXFileReference; lastKnownFileType = folder.assetcatalog; path = Assets.xcassets; sourceTree = "<group>"; };
		863AE9EA2B74EDCB00FBEC14 /* Preview Assets.xcassets */ = {isa = PBXFileReference; lastKnownFileType = folder.assetcatalog; path = "Preview Assets.xcassets"; sourceTree = "<group>"; };
		863AE9F22B7549B500FBEC14 /* lion.mp4 */ = {isa = PBXFileReference; lastKnownFileType = file; path = lion.mp4; sourceTree = "<group>"; };
		863AE9F32B7549B500FBEC14 /* cheetah.mp4 */ = {isa = PBXFileReference; lastKnownFileType = file; path = cheetah.mp4; sourceTree = "<group>"; };
		863AE9F42B7549B500FBEC14 /* hippo.mp4 */ = {isa = PBXFileReference; lastKnownFileType = file; path = hippo.mp4; sourceTree = "<group>"; };
		863AE9F52B7549B500FBEC14 /* rhino.mp4 */ = {isa = PBXFileReference; lastKnownFileType = file; path = rhino.mp4; sourceTree = "<group>"; };
		863AE9F62B7549B500FBEC14 /* zebra.mp4 */ = {isa = PBXFileReference; lastKnownFileType = file; path = zebra.mp4; sourceTree = "<group>"; };
		863AE9F72B7549B600FBEC14 /* ostrich.mp4 */ = {isa = PBXFileReference; lastKnownFileType = file; path = ostrich.mp4; sourceTree = "<group>"; };
		863AE9F82B7549B600FBEC14 /* gorilla.mp4 */ = {isa = PBXFileReference; lastKnownFileType = file; path = gorilla.mp4; sourceTree = "<group>"; };
		863AE9F92B7549B600FBEC14 /* lioness.mp4 */ = {isa = PBXFileReference; lastKnownFileType = file; path = lioness.mp4; sourceTree = "<group>"; };
		863AE9FA2B7549B600FBEC14 /* elephant.mp4 */ = {isa = PBXFileReference; lastKnownFileType = file; path = elephant.mp4; sourceTree = "<group>"; };
		863AE9FB2B7549B600FBEC14 /* giraffe.mp4 */ = {isa = PBXFileReference; lastKnownFileType = file; path = giraffe.mp4; sourceTree = "<group>"; };
		863AEA072B7549F400FBEC14 /* covers.json */ = {isa = PBXFileReference; fileEncoding = 4; lastKnownFileType = text.json; path = covers.json; sourceTree = "<group>"; };
		863AEA082B7549F400FBEC14 /* videos.json */ = {isa = PBXFileReference; fileEncoding = 4; lastKnownFileType = text.json; path = videos.json; sourceTree = "<group>"; };
		863AEA092B7549F500FBEC14 /* locations.json */ = {isa = PBXFileReference; fileEncoding = 4; lastKnownFileType = text.json; path = locations.json; sourceTree = "<group>"; };
		863AEA0A2B7549F500FBEC14 /* animals.json */ = {isa = PBXFileReference; fileEncoding = 4; lastKnownFileType = text.json; path = animals.json; sourceTree = "<group>"; };
		863AEA0F2B754B1B00FBEC14 /* Africa-Experience-Info.plist */ = {isa = PBXFileReference; lastKnownFileType = text.plist; path = "Africa-Experience-Info.plist"; sourceTree = SOURCE_ROOT; };
		863AEA112B754D0100FBEC14 /* VideoListView.swift */ = {isa = PBXFileReference; lastKnownFileType = sourcecode.swift; path = VideoListView.swift; sourceTree = "<group>"; };
		863AEA132B754D1700FBEC14 /* MapView.swift */ = {isa = PBXFileReference; lastKnownFileType = sourcecode.swift; path = MapView.swift; sourceTree = "<group>"; };
		863AEA152B754D2800FBEC14 /* GalleryView.swift */ = {isa = PBXFileReference; lastKnownFileType = sourcecode.swift; path = GalleryView.swift; sourceTree = "<group>"; };
		863AEA172B754D3A00FBEC14 /* MainView.swift */ = {isa = PBXFileReference; lastKnownFileType = sourcecode.swift; path = MainView.swift; sourceTree = "<group>"; };
		863AEA1A2B765B5A00FBEC14 /* CoverImageView.swift */ = {isa = PBXFileReference; lastKnownFileType = sourcecode.swift; path = CoverImageView.swift; sourceTree = "<group>"; };
		863AEA1D2B76685A00FBEC14 /* CoverImageModel.swift */ = {isa = PBXFileReference; lastKnownFileType = sourcecode.swift; path = CoverImageModel.swift; sourceTree = "<group>"; };
		863AEA202B76756D00FBEC14 /* CodableBundleExtension.swift */ = {isa = PBXFileReference; lastKnownFileType = sourcecode.swift; path = CodableBundleExtension.swift; sourceTree = "<group>"; };
		863AEA222B77966600FBEC14 /* AnimalListItemView.swift */ = {isa = PBXFileReference; lastKnownFileType = sourcecode.swift; path = AnimalListItemView.swift; sourceTree = "<group>"; };
		863AEA242B77989500FBEC14 /* AnimalModel.swift */ = {isa = PBXFileReference; lastKnownFileType = sourcecode.swift; path = AnimalModel.swift; sourceTree = "<group>"; };
/* End PBXFileReference section */

/* Begin PBXFrameworksBuildPhase section */
		863AE9DD2B74EDCA00FBEC14 /* Frameworks */ = {
			isa = PBXFrameworksBuildPhase;
			buildActionMask = 2147483647;
			files = (
			);
			runOnlyForDeploymentPostprocessing = 0;
		};
/* End PBXFrameworksBuildPhase section */

/* Begin PBXGroup section */
		863AE9D72B74EDCA00FBEC14 = {
			isa = PBXGroup;
			children = (
				863AE9E22B74EDCA00FBEC14 /* Africa Experience */,
				863AE9E12B74EDCA00FBEC14 /* Products */,
			);
			sourceTree = "<group>";
		};
		863AE9E12B74EDCA00FBEC14 /* Products */ = {
			isa = PBXGroup;
			children = (
				863AE9E02B74EDCA00FBEC14 /* Africa Experience.app */,
			);
			name = Products;
			sourceTree = "<group>";
		};
		863AE9E22B74EDCA00FBEC14 /* Africa Experience */ = {
			isa = PBXGroup;
			children = (
				863AEA102B754C4500FBEC14 /* App */,
				863AEA1F2B76755400FBEC14 /* Extension */,
				863AEA1C2B76684900FBEC14 /* Model */,
				863AEA192B765B4600FBEC14 /* View */,
				863AEA062B7549D600FBEC14 /* Data */,
				863AE9F12B75495100FBEC14 /* Video */,
				863AEA0F2B754B1B00FBEC14 /* Africa-Experience-Info.plist */,
				863AE9E72B74EDCB00FBEC14 /* Assets.xcassets */,
				863AE9E92B74EDCB00FBEC14 /* Preview Content */,
			);
			path = "Africa Experience";
			sourceTree = "<group>";
		};
		863AE9E92B74EDCB00FBEC14 /* Preview Content */ = {
			isa = PBXGroup;
			children = (
				863AE9EA2B74EDCB00FBEC14 /* Preview Assets.xcassets */,
			);
			path = "Preview Content";
			sourceTree = "<group>";
		};
		863AE9F12B75495100FBEC14 /* Video */ = {
			isa = PBXGroup;
			children = (
				863AE9F32B7549B500FBEC14 /* cheetah.mp4 */,
				863AE9FA2B7549B600FBEC14 /* elephant.mp4 */,
				863AE9FB2B7549B600FBEC14 /* giraffe.mp4 */,
				863AE9F82B7549B600FBEC14 /* gorilla.mp4 */,
				863AE9F42B7549B500FBEC14 /* hippo.mp4 */,
				863AE9F22B7549B500FBEC14 /* lion.mp4 */,
				863AE9F92B7549B600FBEC14 /* lioness.mp4 */,
				863AE9F72B7549B600FBEC14 /* ostrich.mp4 */,
				863AE9F52B7549B500FBEC14 /* rhino.mp4 */,
				863AE9F62B7549B500FBEC14 /* zebra.mp4 */,
			);
			path = Video;
			sourceTree = "<group>";
		};
		863AEA062B7549D600FBEC14 /* Data */ = {
			isa = PBXGroup;
			children = (
				863AEA0A2B7549F500FBEC14 /* animals.json */,
				863AEA072B7549F400FBEC14 /* covers.json */,
				863AEA092B7549F500FBEC14 /* locations.json */,
				863AEA082B7549F400FBEC14 /* videos.json */,
			);
			path = Data;
			sourceTree = "<group>";
		};
		863AEA102B754C4500FBEC14 /* App */ = {
			isa = PBXGroup;
			children = (
				863AE9E32B74EDCA00FBEC14 /* Africa_ExperienceApp.swift */,
				863AE9E52B74EDCA00FBEC14 /* ContentView.swift */,
				863AEA112B754D0100FBEC14 /* VideoListView.swift */,
				863AEA132B754D1700FBEC14 /* MapView.swift */,
				863AEA152B754D2800FBEC14 /* GalleryView.swift */,
				863AEA172B754D3A00FBEC14 /* MainView.swift */,
			);
			path = App;
			sourceTree = "<group>";
		};
		863AEA192B765B4600FBEC14 /* View */ = {
			isa = PBXGroup;
			children = (
				863AEA1A2B765B5A00FBEC14 /* CoverImageView.swift */,
				863AEA222B77966600FBEC14 /* AnimalListItemView.swift */,
			);
			path = View;
			sourceTree = "<group>";
		};
		863AEA1C2B76684900FBEC14 /* Model */ = {
			isa = PBXGroup;
			children = (
				863AEA1D2B76685A00FBEC14 /* CoverImageModel.swift */,
				863AEA242B77989500FBEC14 /* AnimalModel.swift */,
			);
			path = Model;
			sourceTree = "<group>";
		};
		863AEA1F2B76755400FBEC14 /* Extension */ = {
			isa = PBXGroup;
			children = (
				863AEA202B76756D00FBEC14 /* CodableBundleExtension.swift */,
			);
			path = Extension;
			sourceTree = "<group>";
		};
/* End PBXGroup section */

/* Begin PBXNativeTarget section */
		863AE9DF2B74EDCA00FBEC14 /* Africa Experience */ = {
			isa = PBXNativeTarget;
			buildConfigurationList = 863AE9EE2B74EDCB00FBEC14 /* Build configuration list for PBXNativeTarget "Africa Experience" */;
			buildPhases = (
				863AE9DC2B74EDCA00FBEC14 /* Sources */,
				863AE9DD2B74EDCA00FBEC14 /* Frameworks */,
				863AE9DE2B74EDCA00FBEC14 /* Resources */,
			);
			buildRules = (
			);
			dependencies = (
			);
			name = "Africa Experience";
			productName = "Africa Experience";
			productReference = 863AE9E02B74EDCA00FBEC14 /* Africa Experience.app */;
			productType = "com.apple.product-type.application";
		};
/* End PBXNativeTarget section */

/* Begin PBXProject section */
		863AE9D82B74EDCA00FBEC14 /* Project object */ = {
			isa = PBXProject;
			attributes = {
				BuildIndependentTargetsInParallel = 1;
				LastSwiftUpdateCheck = 1510;
				LastUpgradeCheck = 1510;
				TargetAttributes = {
					863AE9DF2B74EDCA00FBEC14 = {
						CreatedOnToolsVersion = 15.1;
					};
				};
			};
			buildConfigurationList = 863AE9DB2B74EDCA00FBEC14 /* Build configuration list for PBXProject "Africa Experience" */;
			compatibilityVersion = "Xcode 14.0";
			developmentRegion = en;
			hasScannedForEncodings = 0;
			knownRegions = (
				en,
				Base,
			);
			mainGroup = 863AE9D72B74EDCA00FBEC14;
			productRefGroup = 863AE9E12B74EDCA00FBEC14 /* Products */;
			projectDirPath = "";
			projectRoot = "";
			targets = (
				863AE9DF2B74EDCA00FBEC14 /* Africa Experience */,
			);
		};
/* End PBXProject section */

/* Begin PBXResourcesBuildPhase section */
		863AE9DE2B74EDCA00FBEC14 /* Resources */ = {
			isa = PBXResourcesBuildPhase;
			buildActionMask = 2147483647;
			files = (
				863AEA0B2B7549F500FBEC14 /* covers.json in Resources */,
				863AE9FF2B7549B600FBEC14 /* rhino.mp4 in Resources */,
				863AEA022B7549B600FBEC14 /* gorilla.mp4 in Resources */,
				863AEA0C2B7549F500FBEC14 /* videos.json in Resources */,
				863AEA052B7549B600FBEC14 /* giraffe.mp4 in Resources */,
				863AE9FE2B7549B600FBEC14 /* hippo.mp4 in Resources */,
				863AE9FD2B7549B600FBEC14 /* cheetah.mp4 in Resources */,
				863AEA0D2B7549F500FBEC14 /* locations.json in Resources */,
				863AE9EB2B74EDCB00FBEC14 /* Preview Assets.xcassets in Resources */,
				863AEA0E2B7549F500FBEC14 /* animals.json in Resources */,
				863AE9FC2B7549B600FBEC14 /* lion.mp4 in Resources */,
				863AEA002B7549B600FBEC14 /* zebra.mp4 in Resources */,
				863AEA032B7549B600FBEC14 /* lioness.mp4 in Resources */,
				863AEA012B7549B600FBEC14 /* ostrich.mp4 in Resources */,
				863AE9E82B74EDCB00FBEC14 /* Assets.xcassets in Resources */,
				863AEA042B7549B600FBEC14 /* elephant.mp4 in Resources */,
			);
			runOnlyForDeploymentPostprocessing = 0;
		};
/* End PBXResourcesBuildPhase section */

/* Begin PBXSourcesBuildPhase section */
		863AE9DC2B74EDCA00FBEC14 /* Sources */ = {
			isa = PBXSourcesBuildPhase;
			buildActionMask = 2147483647;
			files = (
				863AE9E62B74EDCA00FBEC14 /* ContentView.swift in Sources */,
				863AEA232B77966600FBEC14 /* AnimalListItemView.swift in Sources */,
				863AEA182B754D3A00FBEC14 /* MainView.swift in Sources */,
				863AEA1B2B765B5A00FBEC14 /* CoverImageView.swift in Sources */,
				863AEA1E2B76685A00FBEC14 /* CoverImageModel.swift in Sources */,
				863AEA252B77989500FBEC14 /* AnimalModel.swift in Sources */,
				863AEA142B754D1700FBEC14 /* MapView.swift in Sources */,
				863AE9E42B74EDCA00FBEC14 /* Africa_ExperienceApp.swift in Sources */,
				863AEA122B754D0100FBEC14 /* VideoListView.swift in Sources */,
				863AEA162B754D2800FBEC14 /* GalleryView.swift in Sources */,
				863AEA212B76756D00FBEC14 /* CodableBundleExtension.swift in Sources */,
			);
			runOnlyForDeploymentPostprocessing = 0;
		};
/* End PBXSourcesBuildPhase section */

/* Begin XCBuildConfiguration section */
		863AE9EC2B74EDCB00FBEC14 /* Debug */ = {
			isa = XCBuildConfiguration;
			buildSettings = {
				ALWAYS_SEARCH_USER_PATHS = NO;
				ASSETCATALOG_COMPILER_GENERATE_SWIFT_ASSET_SYMBOL_EXTENSIONS = YES;
				CLANG_ANALYZER_NONNULL = YES;
				CLANG_ANALYZER_NUMBER_OBJECT_CONVERSION = YES_AGGRESSIVE;
				CLANG_CXX_LANGUAGE_STANDARD = "gnu++20";
				CLANG_ENABLE_MODULES = YES;
				CLANG_ENABLE_OBJC_ARC = YES;
				CLANG_ENABLE_OBJC_WEAK = YES;
				CLANG_WARN_BLOCK_CAPTURE_AUTORELEASING = YES;
				CLANG_WARN_BOOL_CONVERSION = YES;
				CLANG_WARN_COMMA = YES;
				CLANG_WARN_CONSTANT_CONVERSION = YES;
				CLANG_WARN_DEPRECATED_OBJC_IMPLEMENTATIONS = YES;
				CLANG_WARN_DIRECT_OBJC_ISA_USAGE = YES_ERROR;
				CLANG_WARN_DOCUMENTATION_COMMENTS = YES;
				CLANG_WARN_EMPTY_BODY = YES;
				CLANG_WARN_ENUM_CONVERSION = YES;
				CLANG_WARN_INFINITE_RECURSION = YES;
				CLANG_WARN_INT_CONVERSION = YES;
				CLANG_WARN_NON_LITERAL_NULL_CONVERSION = YES;
				CLANG_WARN_OBJC_IMPLICIT_RETAIN_SELF = YES;
				CLANG_WARN_OBJC_LITERAL_CONVERSION = YES;
				CLANG_WARN_OBJC_ROOT_CLASS = YES_ERROR;
				CLANG_WARN_QUOTED_INCLUDE_IN_FRAMEWORK_HEADER = YES;
				CLANG_WARN_RANGE_LOOP_ANALYSIS = YES;
				CLANG_WARN_STRICT_PROTOTYPES = YES;
				CLANG_WARN_SUSPICIOUS_MOVE = YES;
				CLANG_WARN_UNGUARDED_AVAILABILITY = YES_AGGRESSIVE;
				CLANG_WARN_UNREACHABLE_CODE = YES;
				CLANG_WARN__DUPLICATE_METHOD_MATCH = YES;
				COPY_PHASE_STRIP = NO;
				DEBUG_INFORMATION_FORMAT = dwarf;
				ENABLE_STRICT_OBJC_MSGSEND = YES;
				ENABLE_TESTABILITY = YES;
				ENABLE_USER_SCRIPT_SANDBOXING = YES;
				GCC_C_LANGUAGE_STANDARD = gnu17;
				GCC_DYNAMIC_NO_PIC = NO;
				GCC_NO_COMMON_BLOCKS = YES;
				GCC_OPTIMIZATION_LEVEL = 0;
				GCC_PREPROCESSOR_DEFINITIONS = (
					"DEBUG=1",
					"$(inherited)",
				);
				GCC_WARN_64_TO_32_BIT_CONVERSION = YES;
				GCC_WARN_ABOUT_RETURN_TYPE = YES_ERROR;
				GCC_WARN_UNDECLARED_SELECTOR = YES;
				GCC_WARN_UNINITIALIZED_AUTOS = YES_AGGRESSIVE;
				GCC_WARN_UNUSED_FUNCTION = YES;
				GCC_WARN_UNUSED_VARIABLE = YES;
				IPHONEOS_DEPLOYMENT_TARGET = 17.2;
				LOCALIZATION_PREFERS_STRING_CATALOGS = YES;
				MTL_ENABLE_DEBUG_INFO = INCLUDE_SOURCE;
				MTL_FAST_MATH = YES;
				ONLY_ACTIVE_ARCH = YES;
				SDKROOT = iphoneos;
				SWIFT_ACTIVE_COMPILATION_CONDITIONS = "DEBUG $(inherited)";
				SWIFT_OPTIMIZATION_LEVEL = "-Onone";
			};
			name = Debug;
		};
		863AE9ED2B74EDCB00FBEC14 /* Release */ = {
			isa = XCBuildConfiguration;
			buildSettings = {
				ALWAYS_SEARCH_USER_PATHS = NO;
				ASSETCATALOG_COMPILER_GENERATE_SWIFT_ASSET_SYMBOL_EXTENSIONS = YES;
				CLANG_ANALYZER_NONNULL = YES;
				CLANG_ANALYZER_NUMBER_OBJECT_CONVERSION = YES_AGGRESSIVE;
				CLANG_CXX_LANGUAGE_STANDARD = "gnu++20";
				CLANG_ENABLE_MODULES = YES;
				CLANG_ENABLE_OBJC_ARC = YES;
				CLANG_ENABLE_OBJC_WEAK = YES;
				CLANG_WARN_BLOCK_CAPTURE_AUTORELEASING = YES;
				CLANG_WARN_BOOL_CONVERSION = YES;
				CLANG_WARN_COMMA = YES;
				CLANG_WARN_CONSTANT_CONVERSION = YES;
				CLANG_WARN_DEPRECATED_OBJC_IMPLEMENTATIONS = YES;
				CLANG_WARN_DIRECT_OBJC_ISA_USAGE = YES_ERROR;
				CLANG_WARN_DOCUMENTATION_COMMENTS = YES;
				CLANG_WARN_EMPTY_BODY = YES;
				CLANG_WARN_ENUM_CONVERSION = YES;
				CLANG_WARN_INFINITE_RECURSION = YES;
				CLANG_WARN_INT_CONVERSION = YES;
				CLANG_WARN_NON_LITERAL_NULL_CONVERSION = YES;
				CLANG_WARN_OBJC_IMPLICIT_RETAIN_SELF = YES;
				CLANG_WARN_OBJC_LITERAL_CONVERSION = YES;
				CLANG_WARN_OBJC_ROOT_CLASS = YES_ERROR;
				CLANG_WARN_QUOTED_INCLUDE_IN_FRAMEWORK_HEADER = YES;
				CLANG_WARN_RANGE_LOOP_ANALYSIS = YES;
				CLANG_WARN_STRICT_PROTOTYPES = YES;
				CLANG_WARN_SUSPICIOUS_MOVE = YES;
				CLANG_WARN_UNGUARDED_AVAILABILITY = YES_AGGRESSIVE;
				CLANG_WARN_UNREACHABLE_CODE = YES;
				CLANG_WARN__DUPLICATE_METHOD_MATCH = YES;
				COPY_PHASE_STRIP = NO;
				DEBUG_INFORMATION_FORMAT = "dwarf-with-dsym";
				ENABLE_NS_ASSERTIONS = NO;
				ENABLE_STRICT_OBJC_MSGSEND = YES;
				ENABLE_USER_SCRIPT_SANDBOXING = YES;
				GCC_C_LANGUAGE_STANDARD = gnu17;
				GCC_NO_COMMON_BLOCKS = YES;
				GCC_WARN_64_TO_32_BIT_CONVERSION = YES;
				GCC_WARN_ABOUT_RETURN_TYPE = YES_ERROR;
				GCC_WARN_UNDECLARED_SELECTOR = YES;
				GCC_WARN_UNINITIALIZED_AUTOS = YES_AGGRESSIVE;
				GCC_WARN_UNUSED_FUNCTION = YES;
				GCC_WARN_UNUSED_VARIABLE = YES;
				IPHONEOS_DEPLOYMENT_TARGET = 17.2;
				LOCALIZATION_PREFERS_STRING_CATALOGS = YES;
				MTL_ENABLE_DEBUG_INFO = NO;
				MTL_FAST_MATH = YES;
				SDKROOT = iphoneos;
				SWIFT_COMPILATION_MODE = wholemodule;
				VALIDATE_PRODUCT = YES;
			};
			name = Release;
		};
		863AE9EF2B74EDCB00FBEC14 /* Debug */ = {
			isa = XCBuildConfiguration;
			buildSettings = {
				ASSETCATALOG_COMPILER_APPICON_NAME = AppIcon;
				ASSETCATALOG_COMPILER_GLOBAL_ACCENT_COLOR_NAME = AccentColor;
				CODE_SIGN_STYLE = Automatic;
				CURRENT_PROJECT_VERSION = 1;
				DEVELOPMENT_ASSET_PATHS = "\"Africa Experience/Preview Content\"";
				DEVELOPMENT_TEAM = Y49B56F39L;
				ENABLE_PREVIEWS = YES;
				GENERATE_INFOPLIST_FILE = YES;
				INFOPLIST_FILE = "Africa-Experience-Info.plist";
				INFOPLIST_KEY_UIApplicationSceneManifest_Generation = YES;
				INFOPLIST_KEY_UIApplicationSupportsIndirectInputEvents = YES;
				INFOPLIST_KEY_UISupportedInterfaceOrientations_iPad = "UIInterfaceOrientationPortrait UIInterfaceOrientationPortraitUpsideDown UIInterfaceOrientationLandscapeLeft UIInterfaceOrientationLandscapeRight";
				INFOPLIST_KEY_UISupportedInterfaceOrientations_iPhone = "UIInterfaceOrientationPortrait UIInterfaceOrientationLandscapeLeft UIInterfaceOrientationLandscapeRight";
				LD_RUNPATH_SEARCH_PATHS = (
					"$(inherited)",
					"@executable_path/Frameworks",
				);
				MARKETING_VERSION = 1.0;
				PRODUCT_BUNDLE_IDENTIFIER = "com.mereloleo.Africa-Experience";
				PRODUCT_NAME = "$(TARGET_NAME)";
				SWIFT_EMIT_LOC_STRINGS = YES;
				SWIFT_VERSION = 5.0;
				TARGETED_DEVICE_FAMILY = "1,2";
			};
			name = Debug;
		};
		863AE9F02B74EDCB00FBEC14 /* Release */ = {
			isa = XCBuildConfiguration;
			buildSettings = {
				ASSETCATALOG_COMPILER_APPICON_NAME = AppIcon;
				ASSETCATALOG_COMPILER_GLOBAL_ACCENT_COLOR_NAME = AccentColor;
				CODE_SIGN_STYLE = Automatic;
				CURRENT_PROJECT_VERSION = 1;
				DEVELOPMENT_ASSET_PATHS = "\"Africa Experience/Preview Content\"";
				DEVELOPMENT_TEAM = Y49B56F39L;
				ENABLE_PREVIEWS = YES;
				GENERATE_INFOPLIST_FILE = YES;
				INFOPLIST_FILE = "Africa-Experience-Info.plist";
				INFOPLIST_KEY_UIApplicationSceneManifest_Generation = YES;
				INFOPLIST_KEY_UIApplicationSupportsIndirectInputEvents = YES;
				INFOPLIST_KEY_UISupportedInterfaceOrientations_iPad = "UIInterfaceOrientationPortrait UIInterfaceOrientationPortraitUpsideDown UIInterfaceOrientationLandscapeLeft UIInterfaceOrientationLandscapeRight";
				INFOPLIST_KEY_UISupportedInterfaceOrientations_iPhone = "UIInterfaceOrientationPortrait UIInterfaceOrientationLandscapeLeft UIInterfaceOrientationLandscapeRight";
				LD_RUNPATH_SEARCH_PATHS = (
					"$(inherited)",
					"@executable_path/Frameworks",
				);
				MARKETING_VERSION = 1.0;
				PRODUCT_BUNDLE_IDENTIFIER = "com.mereloleo.Africa-Experience";
				PRODUCT_NAME = "$(TARGET_NAME)";
				SWIFT_EMIT_LOC_STRINGS = YES;
				SWIFT_VERSION = 5.0;
				TARGETED_DEVICE_FAMILY = "1,2";
			};
			name = Release;
		};
/* End XCBuildConfiguration section */

/* Begin XCConfigurationList section */
		863AE9DB2B74EDCA00FBEC14 /* Build configuration list for PBXProject "Africa Experience" */ = {
			isa = XCConfigurationList;
			buildConfigurations = (
				863AE9EC2B74EDCB00FBEC14 /* Debug */,
				863AE9ED2B74EDCB00FBEC14 /* Release */,
			);
			defaultConfigurationIsVisible = 0;
			defaultConfigurationName = Release;
		};
		863AE9EE2B74EDCB00FBEC14 /* Build configuration list for PBXNativeTarget "Africa Experience" */ = {
			isa = XCConfigurationList;
			buildConfigurations = (
				863AE9EF2B74EDCB00FBEC14 /* Debug */,
				863AE9F02B74EDCB00FBEC14 /* Release */,
			);
			defaultConfigurationIsVisible = 0;
			defaultConfigurationName = Release;
		};
/* End XCConfigurationList section */
	};
	rootObject = 863AE9D82B74EDCA00FBEC14 /* Project object */;
}
